{
  "version": 4,
  "terraform_version": "1.9.4",
  "serial": 3,
  "lineage": "33908f2e-0314-2b64-dd80-804af7fe0d20",
  "outputs": {},
  "resources": [
    {
      "mode": "managed",
      "type": "aws_key_pair",
      "name": "mykey",
      "provider": "provider[\"registry.terraform.io/hashicorp/aws\"]",
      "instances": [
        {
          "schema_version": 1,
          "attributes": {
            "arn": "arn:aws:ec2:us-east-1:767398146729:key-pair/myec2key",
            "fingerprint": "c7:c9:6e:19:81:d7:bc:19:08:0a:32:11:da:0e:64:ca",
            "id": "myec2key",
            "key_name": "myec2key",
            "key_name_prefix": "",
            "key_pair_id": "key-063da7e67a9b79f62",
            "key_type": "rsa",
            "public_key": "ssh-rsa AAAAB3NzaC1yc2EAAAADAQABAAABgQCvEv4gge6PCQSieap0uzIe3SHCxFWYbdUxwggUA3ARtBjZlDIPNYMIB+B7WUs70E2YbJ0Z2jV5tda0zQYTWGsIAv33Pu9jsIFjKmWRkjHnfSA0UvLiblsoPeEPswdar72vYUUd1Lj5Tp6RFXQgU5ZOeE40oD1O7npPh8mZTCWhmOHuFqTUDYsn3x48rJNHoYTc8vyZOSVvkyPnUbw5o7Gq9mJtFDK9PiJQdLI3spezgR5KhB+XlY7QHhmaNQ8eqFfuigIhFXcn33QQ1RK2dvk0Ii3KonCfAsNNZZrbLvBC7TojrDGF6B/GuORG7Isust0I2c9NphkXKbcwQoxNXo15/Zzh6nItWU/f1EScWqZhFsS//1gOvHs1fsm+NBaOOIf8ZLYd/JPQUDmIXOtuMChFt53uJDP+0vopJQWbzs8brRE0dSbF+cCB9u9H8o+7WBWxaQeRMMnFBDhbz7tc1YoMCi/zCE3QpprwFch61el5oUkCHkDBnjEIY5O/+/jFPJ8= abhayreddy@Abhays-MacBook.local",
            "tags": null,
            "tags_all": {}
          },
          "sensitive_attributes": [],
          "private": "eyJzY2hlbWFfdmVyc2lvbiI6IjEifQ=="
        }
      ]
    },
    {
      "mode": "managed",
      "type": "aws_security_group",
      "name": "allow_ssh",
      "provider": "provider[\"registry.terraform.io/hashicorp/aws\"]",
      "instances": [
        {
          "schema_version": 1,
          "attributes": {
            "arn": "arn:aws:ec2:us-east-1:767398146729:security-group/sg-01b8b7253e71f460d",
            "description": "Security group to allow SSH access",
            "egress": [
              {
                "cidr_blocks": [
                  "0.0.0.0/0"
                ],
                "description": "",
                "from_port": 0,
                "ipv6_cidr_blocks": [],
                "prefix_list_ids": [],
                "protocol": "-1",
                "security_groups": [],
                "self": false,
                "to_port": 0
              }
            ],
            "id": "sg-01b8b7253e71f460d",
            "ingress": [
              {
                "cidr_blocks": [
                  "0.0.0.0/0"
                ],
                "description": "SSH from anywhere",
                "from_port": 22,
                "ipv6_cidr_blocks": [],
                "prefix_list_ids": [],
                "protocol": "tcp",
                "security_groups": [],
                "self": false,
                "to_port": 22
              }
            ],
            "name": "allow_ssh",
            "name_prefix": "",
            "owner_id": "767398146729",
            "revoke_rules_on_delete": false,
            "tags": {
              "Name": "allow_ssh_security_group"
            },
            "tags_all": {
              "Name": "allow_ssh_security_group"
            },
            "timeouts": null,
            "vpc_id": "vpc-072d2ade2e5d0cffe"
          },
          "sensitive_attributes": [],
          "private": "eyJlMmJmYjczMC1lY2FhLTExZTYtOGY4OC0zNDM2M2JjN2M0YzAiOnsiY3JlYXRlIjo2MDAwMDAwMDAwMDAsImRlbGV0ZSI6OTAwMDAwMDAwMDAwfSwic2NoZW1hX3ZlcnNpb24iOiIxIn0="
        }
      ]
    }
  ],
  "check_results": null
}
